
Microsoft Visual Studio Solution File, Format Version 12.00
# Visual Studio Version 17
VisualStudioVersion = 17.2.32602.215
MinimumVisualStudioVersion = 10.0.40219.1
Project("{FAE04EC0-301F-11D3-BF4B-00C04F79EFBC}") = "ExerciciosPOOHeranca", "ExerciciosPOOHeranca\ExerciciosPOOHeranca.csproj", "{F3FC7480-D6AE-4353-9F64-2F4DC7FEDD47}"
EndProject
Global
	GlobalSection(SolutionConfigurationPlatforms) = preSolution
		Debug|Any CPU = Debug|Any CPU
		Release|Any CPU = Release|Any CPU
	EndGlobalSection
	GlobalSection(ProjectConfigurationPlatforms) = postSolution
		{F3FC7480-D6AE-4353-9F64-2F4DC7FEDD47}.Debug|Any CPU.ActiveCfg = Debug|Any CPU
		{F3FC7480-D6AE-4353-9F64-2F4DC7FEDD47}.Debug|Any CPU.Build.0 = Debug|Any CPU
		{F3FC7480-D6AE-4353-9F64-2F4DC7FEDD47}.Release|Any CPU.ActiveCfg = Release|Any CPU
		{F3FC7480-D6AE-4353-9F64-2F4DC7FEDD47}.Release|Any CPU.Build.0 = Release|Any CPU
	EndGlobalSection
	GlobalSection(SolutionProperties) = preSolution
		HideSolutionNode = FALSE
	EndGlobalSection
	GlobalSection(ExtensibilityGlobals) = postSolution
		SolutionGuid = {ABD5F663-5743-441B-A8A6-69D775A92743}
	EndGlobalSection
EndGlobal
